
Microsoft Visual Studio Solution File, Format Version 12.00
# Visual Studio 2012
Project("{9092AA53-FB77-4645-B42D-1CCCA6BD08BD}") = "VideoMover", "VideoMover\VideoMover.njsproj", "{12C630F1-BBE9-4CAB-AF91-616B918A9494}"
EndProject
Global
	GlobalSection(SolutionConfigurationPlatforms) = preSolution
		Debug|Any CPU = Debug|Any CPU
		Release|Any CPU = Release|Any CPU
	EndGlobalSection
	GlobalSection(ProjectConfigurationPlatforms) = postSolution
		{12C630F1-BBE9-4CAB-AF91-616B918A9494}.Debug|Any CPU.ActiveCfg = Debug|Any CPU
		{12C630F1-BBE9-4CAB-AF91-616B918A9494}.Debug|Any CPU.Build.0 = Debug|Any CPU
		{12C630F1-BBE9-4CAB-AF91-616B918A9494}.Release|Any CPU.ActiveCfg = Release|Any CPU
		{12C630F1-BBE9-4CAB-AF91-616B918A9494}.Release|Any CPU.Build.0 = Release|Any CPU
	EndGlobalSection
	GlobalSection(SolutionProperties) = preSolution
		HideSolutionNode = FALSE
	EndGlobalSection
EndGlobal
